
Microsoft Visual Studio Solution File, Format Version 12.00
# Visual Studio Version 17
VisualStudioVersion = 17.7.34221.43
MinimumVisualStudioVersion = 10.0.40219.1
Project("{9A19103F-16F7-4668-BE54-9A1E7A4F7556}") = "MapVisualization", "MapVisualization\MapVisualization.csproj", "{3C434EC2-E8DA-4846-9BFA-A08137393DE8}"
EndProject
Project("{9A19103F-16F7-4668-BE54-9A1E7A4F7556}") = "WebScraper", "WebScraper\WebScraper.csproj", "{527EF529-259C-4D81-8778-6321A057547D}"
EndProject
Project("{9A19103F-16F7-4668-BE54-9A1E7A4F7556}") = "ElectionSimulatorWPF", "ElectionSimulatorWPF\ElectionSimulatorWPF.csproj", "{FD01B131-8522-495C-B9AC-05E9AF990C36}"
EndProject
Project("{9A19103F-16F7-4668-BE54-9A1E7A4F7556}") = "ElectionSimulatorConsole", "ElectionSimulatorConsole\ElectionSimulatorConsole.csproj", "{B1D573CD-8FDF-4C16-9476-9B63FE0C8411}"
EndProject
Project("{9A19103F-16F7-4668-BE54-9A1E7A4F7556}") = "ElectionSimulatorLibrary", "ElectionSimulatorLibrary\ElectionSimulatorLibrary.csproj", "{C9817E45-0FC4-4C83-B7AE-43F695B389CC}"
EndProject
Project("{2150E333-8FDC-42A3-9474-1A3956D46DE8}") = "Tools", "Tools", "{EE08712D-46B1-4EF7-B2C1-4F57CEE5B1CF}"
EndProject
Project("{9A19103F-16F7-4668-BE54-9A1E7A4F7556}") = "SimulationBalancer", "SimulationBalancer\SimulationBalancer.csproj", "{0208EB54-D423-4AB1-9690-5640728261CC}"
EndProject
Global
	GlobalSection(SolutionConfigurationPlatforms) = preSolution
		Debug|Any CPU = Debug|Any CPU
		Release|Any CPU = Release|Any CPU
	EndGlobalSection
	GlobalSection(ProjectConfigurationPlatforms) = postSolution
		{3C434EC2-E8DA-4846-9BFA-A08137393DE8}.Debug|Any CPU.ActiveCfg = Debug|Any CPU
		{3C434EC2-E8DA-4846-9BFA-A08137393DE8}.Debug|Any CPU.Build.0 = Debug|Any CPU
		{3C434EC2-E8DA-4846-9BFA-A08137393DE8}.Release|Any CPU.ActiveCfg = Release|Any CPU
		{3C434EC2-E8DA-4846-9BFA-A08137393DE8}.Release|Any CPU.Build.0 = Release|Any CPU
		{527EF529-259C-4D81-8778-6321A057547D}.Debug|Any CPU.ActiveCfg = Debug|Any CPU
		{527EF529-259C-4D81-8778-6321A057547D}.Debug|Any CPU.Build.0 = Debug|Any CPU
		{527EF529-259C-4D81-8778-6321A057547D}.Release|Any CPU.ActiveCfg = Release|Any CPU
		{527EF529-259C-4D81-8778-6321A057547D}.Release|Any CPU.Build.0 = Release|Any CPU
		{FD01B131-8522-495C-B9AC-05E9AF990C36}.Debug|Any CPU.ActiveCfg = Debug|Any CPU
		{FD01B131-8522-495C-B9AC-05E9AF990C36}.Debug|Any CPU.Build.0 = Debug|Any CPU
		{FD01B131-8522-495C-B9AC-05E9AF990C36}.Release|Any CPU.ActiveCfg = Release|Any CPU
		{FD01B131-8522-495C-B9AC-05E9AF990C36}.Release|Any CPU.Build.0 = Release|Any CPU
		{B1D573CD-8FDF-4C16-9476-9B63FE0C8411}.Debug|Any CPU.ActiveCfg = Debug|Any CPU
		{B1D573CD-8FDF-4C16-9476-9B63FE0C8411}.Debug|Any CPU.Build.0 = Debug|Any CPU
		{B1D573CD-8FDF-4C16-9476-9B63FE0C8411}.Release|Any CPU.ActiveCfg = Release|Any CPU
		{B1D573CD-8FDF-4C16-9476-9B63FE0C8411}.Release|Any CPU.Build.0 = Release|Any CPU
		{C9817E45-0FC4-4C83-B7AE-43F695B389CC}.Debug|Any CPU.ActiveCfg = Debug|Any CPU
		{C9817E45-0FC4-4C83-B7AE-43F695B389CC}.Debug|Any CPU.Build.0 = Debug|Any CPU
		{C9817E45-0FC4-4C83-B7AE-43F695B389CC}.Release|Any CPU.ActiveCfg = Release|Any CPU
		{C9817E45-0FC4-4C83-B7AE-43F695B389CC}.Release|Any CPU.Build.0 = Release|Any CPU
		{0208EB54-D423-4AB1-9690-5640728261CC}.Debug|Any CPU.ActiveCfg = Debug|Any CPU
		{0208EB54-D423-4AB1-9690-5640728261CC}.Debug|Any CPU.Build.0 = Debug|Any CPU
		{0208EB54-D423-4AB1-9690-5640728261CC}.Release|Any CPU.ActiveCfg = Release|Any CPU
		{0208EB54-D423-4AB1-9690-5640728261CC}.Release|Any CPU.Build.0 = Release|Any CPU
	EndGlobalSection
	GlobalSection(SolutionProperties) = preSolution
		HideSolutionNode = FALSE
	EndGlobalSection
	GlobalSection(NestedProjects) = preSolution
		{3C434EC2-E8DA-4846-9BFA-A08137393DE8} = {EE08712D-46B1-4EF7-B2C1-4F57CEE5B1CF}
		{527EF529-259C-4D81-8778-6321A057547D} = {EE08712D-46B1-4EF7-B2C1-4F57CEE5B1CF}
		{0208EB54-D423-4AB1-9690-5640728261CC} = {EE08712D-46B1-4EF7-B2C1-4F57CEE5B1CF}
	EndGlobalSection
	GlobalSection(ExtensibilityGlobals) = postSolution
		SolutionGuid = {03982806-856A-4732-8236-452D46374D36}
	EndGlobalSection
EndGlobal
